// !$*UTF8*$!
{
	archiveVersion = 1;
	classes = {
	};
	objectVersion = 50;
	objects = {

/* Begin PBXBuildFile section */
		A3E002A223C4824900BFAE04 /* AppDelegate.swift in Sources */ = {isa = PBXBuildFile; fileRef = A3E002A123C4824900BFAE04 /* AppDelegate.swift */; };
		A3E002A423C4824900BFAE04 /* DocumentBrowserViewController.swift in Sources */ = {isa = PBXBuildFile; fileRef = A3E002A323C4824900BFAE04 /* DocumentBrowserViewController.swift */; };
		A3E002A623C4824900BFAE04 /* DocumentViewController.swift in Sources */ = {isa = PBXBuildFile; fileRef = A3E002A523C4824900BFAE04 /* DocumentViewController.swift */; };
		A3E002A823C4824900BFAE04 /* Document.swift in Sources */ = {isa = PBXBuildFile; fileRef = A3E002A723C4824900BFAE04 /* Document.swift */; };
		A3E002AB23C4824900BFAE04 /* Main.storyboard in Resources */ = {isa = PBXBuildFile; fileRef = A3E002A923C4824900BFAE04 /* Main.storyboard */; };
		A3E002AD23C4824A00BFAE04 /* Assets.xcassets in Resources */ = {isa = PBXBuildFile; fileRef = A3E002AC23C4824A00BFAE04 /* Assets.xcassets */; };
		A3E002B023C4824A00BFAE04 /* LaunchScreen.storyboard in Resources */ = {isa = PBXBuildFile; fileRef = A3E002AE23C4824A00BFAE04 /* LaunchScreen.storyboard */; };
		A3E002BB23C4824A00BFAE04 /* BroadcasterTests.swift in Sources */ = {isa = PBXBuildFile; fileRef = A3E002BA23C4824A00BFAE04 /* BroadcasterTests.swift */; };
		A3E002C623C4824A00BFAE04 /* BroadcasterUITests.swift in Sources */ = {isa = PBXBuildFile; fileRef = A3E002C523C4824A00BFAE04 /* BroadcasterUITests.swift */; };
/* End PBXBuildFile section */

/* Begin PBXContainerItemProxy section */
		A3E002B723C4824A00BFAE04 /* PBXContainerItemProxy */ = {
			isa = PBXContainerItemProxy;
			containerPortal = A3E0029623C4824900BFAE04 /* Project object */;
			proxyType = 1;
			remoteGlobalIDString = A3E0029D23C4824900BFAE04;
			remoteInfo = Broadcaster;
		};
		A3E002C223C4824A00BFAE04 /* PBXContainerItemProxy */ = {
			isa = PBXContainerItemProxy;
			containerPortal = A3E0029623C4824900BFAE04 /* Project object */;
			proxyType = 1;
			remoteGlobalIDString = A3E0029D23C4824900BFAE04;
			remoteInfo = Broadcaster;
		};
/* End PBXContainerItemProxy section */

/* Begin PBXFileReference section */
		A3E0029E23C4824900BFAE04 /* Broadcaster.app */ = {isa = PBXFileReference; explicitFileType = wrapper.application; includeInIndex = 0; path = Broadcaster.app; sourceTree = BUILT_PRODUCTS_DIR; };
		A3E002A123C4824900BFAE04 /* AppDelegate.swift */ = {isa = PBXFileReference; lastKnownFileType = sourcecode.swift; path = AppDelegate.swift; sourceTree = "<group>"; };
		A3E002A323C4824900BFAE04 /* DocumentBrowserViewController.swift */ = {isa = PBXFileReference; lastKnownFileType = sourcecode.swift; path = DocumentBrowserViewController.swift; sourceTree = "<group>"; };
		A3E002A523C4824900BFAE04 /* DocumentViewController.swift */ = {isa = PBXFileReference; lastKnownFileType = sourcecode.swift; path = DocumentViewController.swift; sourceTree = "<group>"; };
		A3E002A723C4824900BFAE04 /* Document.swift */ = {isa = PBXFileReference; lastKnownFileType = sourcecode.swift; path = Document.swift; sourceTree = "<group>"; };
		A3E002AA23C4824900BFAE04 /* Base */ = {isa = PBXFileReference; lastKnownFileType = file.storyboard; name = Base; path = Base.lproj/Main.storyboard; sourceTree = "<group>"; };
		A3E002AC23C4824A00BFAE04 /* Assets.xcassets */ = {isa = PBXFileReference; lastKnownFileType = folder.assetcatalog; path = Assets.xcassets; sourceTree = "<group>"; };
		A3E002AF23C4824A00BFAE04 /* Base */ = {isa = PBXFileReference; lastKnownFileType = file.storyboard; name = Base; path = Base.lproj/LaunchScreen.storyboard; sourceTree = "<group>"; };
		A3E002B123C4824A00BFAE04 /* Info.plist */ = {isa = PBXFileReference; lastKnownFileType = text.plist.xml; path = Info.plist; sourceTree = "<group>"; };
		A3E002B623C4824A00BFAE04 /* BroadcasterTests.xctest */ = {isa = PBXFileReference; explicitFileType = wrapper.cfbundle; includeInIndex = 0; path = BroadcasterTests.xctest; sourceTree = BUILT_PRODUCTS_DIR; };
		A3E002BA23C4824A00BFAE04 /* BroadcasterTests.swift */ = {isa = PBXFileReference; lastKnownFileType = sourcecode.swift; path = BroadcasterTests.swift; sourceTree = "<group>"; };
		A3E002BC23C4824A00BFAE04 /* Info.plist */ = {isa = PBXFileReference; lastKnownFileType = text.plist.xml; path = Info.plist; sourceTree = "<group>"; };
		A3E002C123C4824A00BFAE04 /* BroadcasterUITests.xctest */ = {isa = PBXFileReference; explicitFileType = wrapper.cfbundle; includeInIndex = 0; path = BroadcasterUITests.xctest; sourceTree = BUILT_PRODUCTS_DIR; };
		A3E002C523C4824A00BFAE04 /* BroadcasterUITests.swift */ = {isa = PBXFileReference; lastKnownFileType = sourcecode.swift; path = BroadcasterUITests.swift; sourceTree = "<group>"; };
		A3E002C723C4824A00BFAE04 /* Info.plist */ = {isa = PBXFileReference; lastKnownFileType = text.plist.xml; path = Info.plist; sourceTree = "<group>"; };
/* End PBXFileReference section */

/* Begin PBXFrameworksBuildPhase section */
		A3E0029B23C4824900BFAE04 /* Frameworks */ = {
			isa = PBXFrameworksBuildPhase;
			buildActionMask = 2147483647;
			files = (
			);
			runOnlyForDeploymentPostprocessing = 0;
		};
		A3E002B323C4824A00BFAE04 /* Frameworks */ = {
			isa = PBXFrameworksBuildPhase;
			buildActionMask = 2147483647;
			files = (
			);
			runOnlyForDeploymentPostprocessing = 0;
		};
		A3E002BE23C4824A00BFAE04 /* Frameworks */ = {
			isa = PBXFrameworksBuildPhase;
			buildActionMask = 2147483647;
			files = (
			);
			runOnlyForDeploymentPostprocessing = 0;
		};
/* End PBXFrameworksBuildPhase section */

/* Begin PBXGroup section */
		A3E0029523C4824900BFAE04 = {
			isa = PBXGroup;
			children = (
				A3E002A023C4824900BFAE04 /* Broadcaster */,
				A3E002B923C4824A00BFAE04 /* BroadcasterTests */,
				A3E002C423C4824A00BFAE04 /* BroadcasterUITests */,
				A3E0029F23C4824900BFAE04 /* Products */,
			);
			sourceTree = "<group>";
		};
		A3E0029F23C4824900BFAE04 /* Products */ = {
			isa = PBXGroup;
			children = (
				A3E0029E23C4824900BFAE04 /* Broadcaster.app */,
				A3E002B623C4824A00BFAE04 /* BroadcasterTests.xctest */,
				A3E002C123C4824A00BFAE04 /* BroadcasterUITests.xctest */,
			);
			name = Products;
			sourceTree = "<group>";
		};
		A3E002A023C4824900BFAE04 /* Broadcaster */ = {
			isa = PBXGroup;
			children = (
				A3E002A123C4824900BFAE04 /* AppDelegate.swift */,
				A3E002A323C4824900BFAE04 /* DocumentBrowserViewController.swift */,
				A3E002A523C4824900BFAE04 /* DocumentViewController.swift */,
				A3E002A723C4824900BFAE04 /* Document.swift */,
				A3E002A923C4824900BFAE04 /* Main.storyboard */,
				A3E002AC23C4824A00BFAE04 /* Assets.xcassets */,
				A3E002AE23C4824A00BFAE04 /* LaunchScreen.storyboard */,
				A3E002B123C4824A00BFAE04 /* Info.plist */,
			);
			path = Broadcaster;
			sourceTree = "<group>";
		};
		A3E002B923C4824A00BFAE04 /* BroadcasterTests */ = {
			isa = PBXGroup;
			children = (
				A3E002BA23C4824A00BFAE04 /* BroadcasterTests.swift */,
				A3E002BC23C4824A00BFAE04 /* Info.plist */,
			);
			path = BroadcasterTests;
			sourceTree = "<group>";
		};
		A3E002C423C4824A00BFAE04 /* BroadcasterUITests */ = {
			isa = PBXGroup;
			children = (
				A3E002C523C4824A00BFAE04 /* BroadcasterUITests.swift */,
				A3E002C723C4824A00BFAE04 /* Info.plist */,
			);
			path = BroadcasterUITests;
			sourceTree = "<group>";
		};
/* End PBXGroup section */

/* Begin PBXNativeTarget section */
		A3E0029D23C4824900BFAE04 /* Broadcaster */ = {
			isa = PBXNativeTarget;
			buildConfigurationList = A3E002CA23C4824A00BFAE04 /* Build configuration list for PBXNativeTarget "Broadcaster" */;
			buildPhases = (
				A3E0029A23C4824900BFAE04 /* Sources */,
				A3E0029B23C4824900BFAE04 /* Frameworks */,
				A3E0029C23C4824900BFAE04 /* Resources */,
			);
			buildRules = (
			);
			dependencies = (
			);
			name = Broadcaster;
			productName = Broadcaster;
			productReference = A3E0029E23C4824900BFAE04 /* Broadcaster.app */;
			productType = "com.apple.product-type.application";
		};
		A3E002B523C4824A00BFAE04 /* BroadcasterTests */ = {
			isa = PBXNativeTarget;
			buildConfigurationList = A3E002CD23C4824A00BFAE04 /* Build configuration list for PBXNativeTarget "BroadcasterTests" */;
			buildPhases = (
				A3E002B223C4824A00BFAE04 /* Sources */,
				A3E002B323C4824A00BFAE04 /* Frameworks */,
				A3E002B423C4824A00BFAE04 /* Resources */,
			);
			buildRules = (
			);
			dependencies = (
				A3E002B823C4824A00BFAE04 /* PBXTargetDependency */,
			);
			name = BroadcasterTests;
			productName = BroadcasterTests;
			productReference = A3E002B623C4824A00BFAE04 /* BroadcasterTests.xctest */;
			productType = "com.apple.product-type.bundle.unit-test";
		};
		A3E002C023C4824A00BFAE04 /* BroadcasterUITests */ = {
			isa = PBXNativeTarget;
			buildConfigurationList = A3E002D023C4824A00BFAE04 /* Build configuration list for PBXNativeTarget "BroadcasterUITests" */;
			buildPhases = (
				A3E002BD23C4824A00BFAE04 /* Sources */,
				A3E002BE23C4824A00BFAE04 /* Frameworks */,
				A3E002BF23C4824A00BFAE04 /* Resources */,
			);
			buildRules = (
			);
			dependencies = (
				A3E002C323C4824A00BFAE04 /* PBXTargetDependency */,
			);
			name = BroadcasterUITests;
			productName = BroadcasterUITests;
			productReference = A3E002C123C4824A00BFAE04 /* BroadcasterUITests.xctest */;
			productType = "com.apple.product-type.bundle.ui-testing";
		};
/* End PBXNativeTarget section */

/* Begin PBXProject section */
		A3E0029623C4824900BFAE04 /* Project object */ = {
			isa = PBXProject;
			attributes = {
				LastSwiftUpdateCheck = 1120;
				LastUpgradeCheck = 1120;
				ORGANIZATIONNAME = "Ernest Chechelski";
				TargetAttributes = {
					A3E0029D23C4824900BFAE04 = {
						CreatedOnToolsVersion = 11.2.1;
					};
					A3E002B523C4824A00BFAE04 = {
						CreatedOnToolsVersion = 11.2.1;
						TestTargetID = A3E0029D23C4824900BFAE04;
					};
					A3E002C023C4824A00BFAE04 = {
						CreatedOnToolsVersion = 11.2.1;
						TestTargetID = A3E0029D23C4824900BFAE04;
					};
				};
			};
			buildConfigurationList = A3E0029923C4824900BFAE04 /* Build configuration list for PBXProject "Broadcaster" */;
			compatibilityVersion = "Xcode 9.3";
			developmentRegion = en;
			hasScannedForEncodings = 0;
			knownRegions = (
				en,
				Base,
			);
			mainGroup = A3E0029523C4824900BFAE04;
			productRefGroup = A3E0029F23C4824900BFAE04 /* Products */;
			projectDirPath = "";
			projectRoot = "";
			targets = (
				A3E0029D23C4824900BFAE04 /* Broadcaster */,
				A3E002B523C4824A00BFAE04 /* BroadcasterTests */,
				A3E002C023C4824A00BFAE04 /* BroadcasterUITests */,
			);
		};
/* End PBXProject section */

/* Begin PBXResourcesBuildPhase section */
		A3E0029C23C4824900BFAE04 /* Resources */ = {
			isa = PBXResourcesBuildPhase;
			buildActionMask = 2147483647;
			files = (
				A3E002B023C4824A00BFAE04 /* LaunchScreen.storyboard in Resources */,
				A3E002AD23C4824A00BFAE04 /* Assets.xcassets in Resources */,
				A3E002AB23C4824900BFAE04 /* Main.storyboard in Resources */,
			);
			runOnlyForDeploymentPostprocessing = 0;
		};
		A3E002B423C4824A00BFAE04 /* Resources */ = {
			isa = PBXResourcesBuildPhase;
			buildActionMask = 2147483647;
			files = (
			);
			runOnlyForDeploymentPostprocessing = 0;
		};
		A3E002BF23C4824A00BFAE04 /* Resources */ = {
			isa = PBXResourcesBuildPhase;
			buildActionMask = 2147483647;
			files = (
			);
			runOnlyForDeploymentPostprocessing = 0;
		};
/* End PBXResourcesBuildPhase section */

/* Begin PBXSourcesBuildPhase section */
		A3E0029A23C4824900BFAE04 /* Sources */ = {
			isa = PBXSourcesBuildPhase;
			buildActionMask = 2147483647;
			files = (
				A3E002A823C4824900BFAE04 /* Document.swift in Sources */,
				A3E002A623C4824900BFAE04 /* DocumentViewController.swift in Sources */,
				A3E002A423C4824900BFAE04 /* DocumentBrowserViewController.swift in Sources */,
				A3E002A223C4824900BFAE04 /* AppDelegate.swift in Sources */,
			);
			runOnlyForDeploymentPostprocessing = 0;
		};
		A3E002B223C4824A00BFAE04 /* Sources */ = {
			isa = PBXSourcesBuildPhase;
			buildActionMask = 2147483647;
			files = (
				A3E002BB23C4824A00BFAE04 /* BroadcasterTests.swift in Sources */,
			);
			runOnlyForDeploymentPostprocessing = 0;
		};
		A3E002BD23C4824A00BFAE04 /* Sources */ = {
			isa = PBXSourcesBuildPhase;
			buildActionMask = 2147483647;
			files = (
				A3E002C623C4824A00BFAE04 /* BroadcasterUITests.swift in Sources */,
			);
			runOnlyForDeploymentPostprocessing = 0;
		};
/* End PBXSourcesBuildPhase section */

/* Begin PBXTargetDependency section */
		A3E002B823C4824A00BFAE04 /* PBXTargetDependency */ = {
			isa = PBXTargetDependency;
			target = A3E0029D23C4824900BFAE04 /* Broadcaster */;
			targetProxy = A3E002B723C4824A00BFAE04 /* PBXContainerItemProxy */;
		};
		A3E002C323C4824A00BFAE04 /* PBXTargetDependency */ = {
			isa = PBXTargetDependency;
			target = A3E0029D23C4824900BFAE04 /* Broadcaster */;
			targetProxy = A3E002C223C4824A00BFAE04 /* PBXContainerItemProxy */;
		};
/* End PBXTargetDependency section */

/* Begin PBXVariantGroup section */
		A3E002A923C4824900BFAE04 /* Main.storyboard */ = {
			isa = PBXVariantGroup;
			children = (
				A3E002AA23C4824900BFAE04 /* Base */,
			);
			name = Main.storyboard;
			sourceTree = "<group>";
		};
		A3E002AE23C4824A00BFAE04 /* LaunchScreen.storyboard */ = {
			isa = PBXVariantGroup;
			children = (
				A3E002AF23C4824A00BFAE04 /* Base */,
			);
			name = LaunchScreen.storyboard;
			sourceTree = "<group>";
		};
/* End PBXVariantGroup section */

/* Begin XCBuildConfiguration section */
		A3E002C823C4824A00BFAE04 /* Debug */ = {
			isa = XCBuildConfiguration;
			buildSettings = {
				ALWAYS_SEARCH_USER_PATHS = NO;
				CLANG_ANALYZER_NONNULL = YES;
				CLANG_ANALYZER_NUMBER_OBJECT_CONVERSION = YES_AGGRESSIVE;
				CLANG_CXX_LANGUAGE_STANDARD = "gnu++14";
				CLANG_CXX_LIBRARY = "libc++";
				CLANG_ENABLE_MODULES = YES;
				CLANG_ENABLE_OBJC_ARC = YES;
				CLANG_ENABLE_OBJC_WEAK = YES;
				CLANG_WARN_BLOCK_CAPTURE_AUTORELEASING = YES;
				CLANG_WARN_BOOL_CONVERSION = YES;
				CLANG_WARN_COMMA = YES;
				CLANG_WARN_CONSTANT_CONVERSION = YES;
				CLANG_WARN_DEPRECATED_OBJC_IMPLEMENTATIONS = YES;
				CLANG_WARN_DIRECT_OBJC_ISA_USAGE = YES_ERROR;
				CLANG_WARN_DOCUMENTATION_COMMENTS = YES;
				CLANG_WARN_EMPTY_BODY = YES;
				CLANG_WARN_ENUM_CONVERSION = YES;
				CLANG_WARN_INFINITE_RECURSION = YES;
				CLANG_WARN_INT_CONVERSION = YES;
				CLANG_WARN_NON_LITERAL_NULL_CONVERSION = YES;
				CLANG_WARN_OBJC_IMPLICIT_RETAIN_SELF = YES;
				CLANG_WARN_OBJC_LITERAL_CONVERSION = YES;
				CLANG_WARN_OBJC_ROOT_CLASS = YES_ERROR;
				CLANG_WARN_RANGE_LOOP_ANALYSIS = YES;
				CLANG_WARN_STRICT_PROTOTYPES = YES;
				CLANG_WARN_SUSPICIOUS_MOVE = YES;
				CLANG_WARN_UNGUARDED_AVAILABILITY = YES_AGGRESSIVE;
				CLANG_WARN_UNREACHABLE_CODE = YES;
				CLANG_WARN__DUPLICATE_METHOD_MATCH = YES;
				COPY_PHASE_STRIP = NO;
				DEBUG_INFORMATION_FORMAT = dwarf;
				ENABLE_STRICT_OBJC_MSGSEND = YES;
				ENABLE_TESTABILITY = YES;
				GCC_C_LANGUAGE_STANDARD = gnu11;
				GCC_DYNAMIC_NO_PIC = NO;
				GCC_NO_COMMON_BLOCKS = YES;
				GCC_OPTIMIZATION_LEVEL = 0;
				GCC_PREPROCESSOR_DEFINITIONS = (
					"DEBUG=1",
					"$(inherited)",
				);
				GCC_WARN_64_TO_32_BIT_CONVERSION = YES;
				GCC_WARN_ABOUT_RETURN_TYPE = YES_ERROR;
				GCC_WARN_UNDECLARED_SELECTOR = YES;
				GCC_WARN_UNINITIALIZED_AUTOS = YES_AGGRESSIVE;
				GCC_WARN_UNUSED_FUNCTION = YES;
				GCC_WARN_UNUSED_VARIABLE = YES;
				IPHONEOS_DEPLOYMENT_TARGET = 13.2;
				MTL_ENABLE_DEBUG_INFO = INCLUDE_SOURCE;
				MTL_FAST_MATH = YES;
				ONLY_ACTIVE_ARCH = YES;
				SDKROOT = iphoneos;
				SWIFT_ACTIVE_COMPILATION_CONDITIONS = DEBUG;
				SWIFT_OPTIMIZATION_LEVEL = "-Onone";
			};
			name = Debug;
		};
		A3E002C923C4824A00BFAE04 /* Release */ = {
			isa = XCBuildConfiguration;
			buildSettings = {
				ALWAYS_SEARCH_USER_PATHS = NO;
				CLANG_ANALYZER_NONNULL = YES;
				CLANG_ANALYZER_NUMBER_OBJECT_CONVERSION = YES_AGGRESSIVE;
				CLANG_CXX_LANGUAGE_STANDARD = "gnu++14";
				CLANG_CXX_LIBRARY = "libc++";
				CLANG_ENABLE_MODULES = YES;
				CLANG_ENABLE_OBJC_ARC = YES;
				CLANG_ENABLE_OBJC_WEAK = YES;
				CLANG_WARN_BLOCK_CAPTURE_AUTORELEASING = YES;
				CLANG_WARN_BOOL_CONVERSION = YES;
				CLANG_WARN_COMMA = YES;
				CLANG_WARN_CONSTANT_CONVERSION = YES;
				CLANG_WARN_DEPRECATED_OBJC_IMPLEMENTATIONS = YES;
				CLANG_WARN_DIRECT_OBJC_ISA_USAGE = YES_ERROR;
				CLANG_WARN_DOCUMENTATION_COMMENTS = YES;
				CLANG_WARN_EMPTY_BODY = YES;
				CLANG_WARN_ENUM_CONVERSION = YES;
				CLANG_WARN_INFINITE_RECURSION = YES;
				CLANG_WARN_INT_CONVERSION = YES;
				CLANG_WARN_NON_LITERAL_NULL_CONVERSION = YES;
				CLANG_WARN_OBJC_IMPLICIT_RETAIN_SELF = YES;
				CLANG_WARN_OBJC_LITERAL_CONVERSION = YES;
				CLANG_WARN_OBJC_ROOT_CLASS = YES_ERROR;
				CLANG_WARN_RANGE_LOOP_ANALYSIS = YES;
				CLANG_WARN_STRICT_PROTOTYPES = YES;
				CLANG_WARN_SUSPICIOUS_MOVE = YES;
				CLANG_WARN_UNGUARDED_AVAILABILITY = YES_AGGRESSIVE;
				CLANG_WARN_UNREACHABLE_CODE = YES;
				CLANG_WARN__DUPLICATE_METHOD_MATCH = YES;
				COPY_PHASE_STRIP = NO;
				DEBUG_INFORMATION_FORMAT = "dwarf-with-dsym";
				ENABLE_NS_ASSERTIONS = NO;
				ENABLE_STRICT_OBJC_MSGSEND = YES;
				GCC_C_LANGUAGE_STANDARD = gnu11;
				GCC_NO_COMMON_BLOCKS = YES;
				GCC_WARN_64_TO_32_BIT_CONVERSION = YES;
				GCC_WARN_ABOUT_RETURN_TYPE = YES_ERROR;
				GCC_WARN_UNDECLARED_SELECTOR = YES;
				GCC_WARN_UNINITIALIZED_AUTOS = YES_AGGRESSIVE;
				GCC_WARN_UNUSED_FUNCTION = YES;
				GCC_WARN_UNUSED_VARIABLE = YES;
				IPHONEOS_DEPLOYMENT_TARGET = 13.2;
				MTL_ENABLE_DEBUG_INFO = NO;
				MTL_FAST_MATH = YES;
				SDKROOT = iphoneos;
				SWIFT_COMPILATION_MODE = wholemodule;
				SWIFT_OPTIMIZATION_LEVEL = "-O";
				VALIDATE_PRODUCT = YES;
			};
			name = Release;
		};
		A3E002CB23C4824A00BFAE04 /* Debug */ = {
			isa = XCBuildConfiguration;
			buildSettings = {
				ASSETCATALOG_COMPILER_APPICON_NAME = AppIcon;
				CODE_SIGN_STYLE = Automatic;
				DEVELOPMENT_TEAM = D8VPEQS329;
				INFOPLIST_FILE = Broadcaster/Info.plist;
				LD_RUNPATH_SEARCH_PATHS = (
					"$(inherited)",
					"@executable_path/Frameworks",
				);
				PRODUCT_BUNDLE_IDENTIFIER = ernichechelski.Broadcaster;
				PRODUCT_NAME = "$(TARGET_NAME)";
				SWIFT_VERSION = 5.0;
				TARGETED_DEVICE_FAMILY = "1,2";
			};
			name = Debug;
		};
		A3E002CC23C4824A00BFAE04 /* Release */ = {
			isa = XCBuildConfiguration;
			buildSettings = {
				ASSETCATALOG_COMPILER_APPICON_NAME = AppIcon;
				CODE_SIGN_STYLE = Automatic;
				DEVELOPMENT_TEAM = D8VPEQS329;
				INFOPLIST_FILE = Broadcaster/Info.plist;
				LD_RUNPATH_SEARCH_PATHS = (
					"$(inherited)",
					"@executable_path/Frameworks",
				);
				PRODUCT_BUNDLE_IDENTIFIER = ernichechelski.Broadcaster;
				PRODUCT_NAME = "$(TARGET_NAME)";
				SWIFT_VERSION = 5.0;
				TARGETED_DEVICE_FAMILY = "1,2";
			};
			name = Release;
		};
		A3E002CE23C4824A00BFAE04 /* Debug */ = {
			isa = XCBuildConfiguration;
			buildSettings = {
				ALWAYS_EMBED_SWIFT_STANDARD_LIBRARIES = YES;
				BUNDLE_LOADER = "$(TEST_HOST)";
				CODE_SIGN_STYLE = Automatic;
				DEVELOPMENT_TEAM = D8VPEQS329;
				INFOPLIST_FILE = BroadcasterTests/Info.plist;
				IPHONEOS_DEPLOYMENT_TARGET = 13.2;
				LD_RUNPATH_SEARCH_PATHS = (
					"$(inherited)",
					"@executable_path/Frameworks",
					"@loader_path/Frameworks",
				);
				PRODUCT_BUNDLE_IDENTIFIER = ernichechelski.BroadcasterTests;
				PRODUCT_NAME = "$(TARGET_NAME)";
				SWIFT_VERSION = 5.0;
				TARGETED_DEVICE_FAMILY = "1,2";
				TEST_HOST = "$(BUILT_PRODUCTS_DIR)/Broadcaster.app/Broadcaster";
			};
			name = Debug;
		};
		A3E002CF23C4824A00BFAE04 /* Release */ = {
			isa = XCBuildConfiguration;
			buildSettings = {
				ALWAYS_EMBED_SWIFT_STANDARD_LIBRARIES = YES;
				BUNDLE_LOADER = "$(TEST_HOST)";
				CODE_SIGN_STYLE = Automatic;
				DEVELOPMENT_TEAM = D8VPEQS329;
				INFOPLIST_FILE = BroadcasterTests/Info.plist;
				IPHONEOS_DEPLOYMENT_TARGET = 13.2;
				LD_RUNPATH_SEARCH_PATHS = (
					"$(inherited)",
					"@executable_path/Frameworks",
					"@loader_path/Frameworks",
				);
				PRODUCT_BUNDLE_IDENTIFIER = ernichechelski.BroadcasterTests;
				PRODUCT_NAME = "$(TARGET_NAME)";
				SWIFT_VERSION = 5.0;
				TARGETED_DEVICE_FAMILY = "1,2";
				TEST_HOST = "$(BUILT_PRODUCTS_DIR)/Broadcaster.app/Broadcaster";
			};
			name = Release;
		};
		A3E002D123C4824A00BFAE04 /* Debug */ = {
			isa = XCBuildConfiguration;
			buildSettings = {
				ALWAYS_EMBED_SWIFT_STANDARD_LIBRARIES = YES;
				CODE_SIGN_STYLE = Automatic;
				DEVELOPMENT_TEAM = D8VPEQS329;
				INFOPLIST_FILE = BroadcasterUITests/Info.plist;
				LD_RUNPATH_SEARCH_PATHS = (
					"$(inherited)",
					"@executable_path/Frameworks",
					"@loader_path/Frameworks",
				);
				PRODUCT_BUNDLE_IDENTIFIER = ernichechelski.BroadcasterUITests;
				PRODUCT_NAME = "$(TARGET_NAME)";
				SWIFT_VERSION = 5.0;
				TARGETED_DEVICE_FAMILY = "1,2";
				TEST_TARGET_NAME = Broadcaster;
			};
			name = Debug;
		};
		A3E002D223C4824A00BFAE04 /* Release */ = {
			isa = XCBuildConfiguration;
			buildSettings = {
				ALWAYS_EMBED_SWIFT_STANDARD_LIBRARIES = YES;
				CODE_SIGN_STYLE = Automatic;
				DEVELOPMENT_TEAM = D8VPEQS329;
				INFOPLIST_FILE = BroadcasterUITests/Info.plist;
				LD_RUNPATH_SEARCH_PATHS = (
					"$(inherited)",
					"@executable_path/Frameworks",
					"@loader_path/Frameworks",
				);
				PRODUCT_BUNDLE_IDENTIFIER = ernichechelski.BroadcasterUITests;
				PRODUCT_NAME = "$(TARGET_NAME)";
				SWIFT_VERSION = 5.0;
				TARGETED_DEVICE_FAMILY = "1,2";
				TEST_TARGET_NAME = Broadcaster;
			};
			name = Release;
		};
/* End XCBuildConfiguration section */

/* Begin XCConfigurationList section */
		A3E0029923C4824900BFAE04 /* Build configuration list for PBXProject "Broadcaster" */ = {
			isa = XCConfigurationList;
			buildConfigurations = (
				A3E002C823C4824A00BFAE04 /* Debug */,
				A3E002C923C4824A00BFAE04 /* Release */,
			);
			defaultConfigurationIsVisible = 0;
			defaultConfigurationName = Release;
		};
		A3E002CA23C4824A00BFAE04 /* Build configuration list for PBXNativeTarget "Broadcaster" */ = {
			isa = XCConfigurationList;
			buildConfigurations = (
				A3E002CB23C4824A00BFAE04 /* Debug */,
				A3E002CC23C4824A00BFAE04 /* Release */,
			);
			defaultConfigurationIsVisible = 0;
			defaultConfigurationName = Release;
		};
		A3E002CD23C4824A00BFAE04 /* Build configuration list for PBXNativeTarget "BroadcasterTests" */ = {
			isa = XCConfigurationList;
			buildConfigurations = (
				A3E002CE23C4824A00BFAE04 /* Debug */,
				A3E002CF23C4824A00BFAE04 /* Release */,
			);
			defaultConfigurationIsVisible = 0;
			defaultConfigurationName = Release;
		};
		A3E002D023C4824A00BFAE04 /* Build configuration list for PBXNativeTarget "BroadcasterUITests" */ = {
			isa = XCConfigurationList;
			buildConfigurations = (
				A3E002D123C4824A00BFAE04 /* Debug */,
				A3E002D223C4824A00BFAE04 /* Release */,
			);
			defaultConfigurationIsVisible = 0;
			defaultConfigurationName = Release;
		};
/* End XCConfigurationList section */
	};
	rootObject = A3E0029623C4824900BFAE04 /* Project object */;
}
