// !$*UTF8*$!
{
	archiveVersion = 1;
	classes = {
	};
	objectVersion = 51;
	objects = {

/* Begin PBXBuildFile section */
		3AD889BF416291F6909FF763 /* Pods_Broadcaster.framework in Frameworks */ = {isa = PBXBuildFile; fileRef = 864DE692C48563D6A8BAAB6B /* Pods_Broadcaster.framework */; };
		856DF30B65A51E68DB1058DB /* Pods_Broadcaster_BroadcasterUITests.framework in Frameworks */ = {isa = PBXBuildFile; fileRef = F26F8D0D8A564DF48AECF756 /* Pods_Broadcaster_BroadcasterUITests.framework */; };
		A319669323C483430040CD5E /* DataCompressor.swift in Sources */ = {isa = PBXBuildFile; fileRef = A319668423C483430040CD5E /* DataCompressor.swift */; };
		A319669423C483430040CD5E /* Connector.swift in Sources */ = {isa = PBXBuildFile; fileRef = A319668523C483430040CD5E /* Connector.swift */; };
		A319669523C483430040CD5E /* AppCoordinator.swift in Sources */ = {isa = PBXBuildFile; fileRef = A319668723C483430040CD5E /* AppCoordinator.swift */; };
		A319669623C483430040CD5E /* MainTableViewController.swift in Sources */ = {isa = PBXBuildFile; fileRef = A319668923C483430040CD5E /* MainTableViewController.swift */; };
		A319669923C483430040CD5E /* InfoTableViewController.swift in Sources */ = {isa = PBXBuildFile; fileRef = A319668E23C483430040CD5E /* InfoTableViewController.swift */; };
		A319669A23C483430040CD5E /* InfoImageTableViewCell.swift in Sources */ = {isa = PBXBuildFile; fileRef = A319668F23C483430040CD5E /* InfoImageTableViewCell.swift */; };
		A319669B23C483430040CD5E /* Routes.swift in Sources */ = {isa = PBXBuildFile; fileRef = A319669023C483430040CD5E /* Routes.swift */; };
		A319669C23C483430040CD5E /* ViewControllerRoutes.swift in Sources */ = {isa = PBXBuildFile; fileRef = A319669223C483430040CD5E /* ViewControllerRoutes.swift */; };
		A3E002A223C4824900BFAE04 /* AppDelegate.swift in Sources */ = {isa = PBXBuildFile; fileRef = A3E002A123C4824900BFAE04 /* AppDelegate.swift */; };
		A3E002A423C4824900BFAE04 /* DocumentBrowserViewController.swift in Sources */ = {isa = PBXBuildFile; fileRef = A3E002A323C4824900BFAE04 /* DocumentBrowserViewController.swift */; };
		A3E002A623C4824900BFAE04 /* DocumentViewController.swift in Sources */ = {isa = PBXBuildFile; fileRef = A3E002A523C4824900BFAE04 /* DocumentViewController.swift */; };
		A3E002A823C4824900BFAE04 /* Document.swift in Sources */ = {isa = PBXBuildFile; fileRef = A3E002A723C4824900BFAE04 /* Document.swift */; };
		A3E002AB23C4824900BFAE04 /* Main.storyboard in Resources */ = {isa = PBXBuildFile; fileRef = A3E002A923C4824900BFAE04 /* Main.storyboard */; };
		A3E002AD23C4824A00BFAE04 /* Assets.xcassets in Resources */ = {isa = PBXBuildFile; fileRef = A3E002AC23C4824A00BFAE04 /* Assets.xcassets */; };
		A3E002B023C4824A00BFAE04 /* LaunchScreen.storyboard in Resources */ = {isa = PBXBuildFile; fileRef = A3E002AE23C4824A00BFAE04 /* LaunchScreen.storyboard */; };
		A3E002BB23C4824A00BFAE04 /* BroadcasterTests.swift in Sources */ = {isa = PBXBuildFile; fileRef = A3E002BA23C4824A00BFAE04 /* BroadcasterTests.swift */; };
		A3E002C623C4824A00BFAE04 /* BroadcasterUITests.swift in Sources */ = {isa = PBXBuildFile; fileRef = A3E002C523C4824A00BFAE04 /* BroadcasterUITests.swift */; };
		A3EC0DD923C4ACE100E5466F /* ResourcesTableViewController.swift in Sources */ = {isa = PBXBuildFile; fileRef = A3EC0DD823C4ACE100E5466F /* ResourcesTableViewController.swift */; };
		A3EC0DDC23C5DBC000E5466F /* PeersList.swift in Sources */ = {isa = PBXBuildFile; fileRef = A3EC0DDB23C5DBC000E5466F /* PeersList.swift */; };
		D5A7E90598DB7C4B6E09E79A /* Pods_BroadcasterTests.framework in Frameworks */ = {isa = PBXBuildFile; fileRef = 8B0279FAC207E8D4B73B9A47 /* Pods_BroadcasterTests.framework */; };
/* End PBXBuildFile section */

/* Begin PBXContainerItemProxy section */
		A3E002B723C4824A00BFAE04 /* PBXContainerItemProxy */ = {
			isa = PBXContainerItemProxy;
			containerPortal = A3E0029623C4824900BFAE04 /* Project object */;
			proxyType = 1;
			remoteGlobalIDString = A3E0029D23C4824900BFAE04;
			remoteInfo = Broadcaster;
		};
		A3E002C223C4824A00BFAE04 /* PBXContainerItemProxy */ = {
			isa = PBXContainerItemProxy;
			containerPortal = A3E0029623C4824900BFAE04 /* Project object */;
			proxyType = 1;
			remoteGlobalIDString = A3E0029D23C4824900BFAE04;
			remoteInfo = Broadcaster;
		};
/* End PBXContainerItemProxy section */

/* Begin PBXFileReference section */
		21FFC15324D4EBAD57F2A274 /* Pods-Broadcaster.debug.xcconfig */ = {isa = PBXFileReference; includeInIndex = 1; lastKnownFileType = text.xcconfig; name = "Pods-Broadcaster.debug.xcconfig"; path = "Target Support Files/Pods-Broadcaster/Pods-Broadcaster.debug.xcconfig"; sourceTree = "<group>"; };
		3D89652010ABC4BEC9B71740 /* Pods-Broadcaster-BroadcasterUITests.release.xcconfig */ = {isa = PBXFileReference; includeInIndex = 1; lastKnownFileType = text.xcconfig; name = "Pods-Broadcaster-BroadcasterUITests.release.xcconfig"; path = "Target Support Files/Pods-Broadcaster-BroadcasterUITests/Pods-Broadcaster-BroadcasterUITests.release.xcconfig"; sourceTree = "<group>"; };
		64E37178346D058F56E58F96 /* Pods-Broadcaster-BroadcasterUITests.debug.xcconfig */ = {isa = PBXFileReference; includeInIndex = 1; lastKnownFileType = text.xcconfig; name = "Pods-Broadcaster-BroadcasterUITests.debug.xcconfig"; path = "Target Support Files/Pods-Broadcaster-BroadcasterUITests/Pods-Broadcaster-BroadcasterUITests.debug.xcconfig"; sourceTree = "<group>"; };
		6A915C7C4B666DB4E75F9F92 /* Pods-BroadcasterTests.release.xcconfig */ = {isa = PBXFileReference; includeInIndex = 1; lastKnownFileType = text.xcconfig; name = "Pods-BroadcasterTests.release.xcconfig"; path = "Target Support Files/Pods-BroadcasterTests/Pods-BroadcasterTests.release.xcconfig"; sourceTree = "<group>"; };
		84511B35EBE5C8EA6B730D6D /* Pods-BroadcasterTests.debug.xcconfig */ = {isa = PBXFileReference; includeInIndex = 1; lastKnownFileType = text.xcconfig; name = "Pods-BroadcasterTests.debug.xcconfig"; path = "Target Support Files/Pods-BroadcasterTests/Pods-BroadcasterTests.debug.xcconfig"; sourceTree = "<group>"; };
		864DE692C48563D6A8BAAB6B /* Pods_Broadcaster.framework */ = {isa = PBXFileReference; explicitFileType = wrapper.framework; includeInIndex = 0; path = Pods_Broadcaster.framework; sourceTree = BUILT_PRODUCTS_DIR; };
		8B0279FAC207E8D4B73B9A47 /* Pods_BroadcasterTests.framework */ = {isa = PBXFileReference; explicitFileType = wrapper.framework; includeInIndex = 0; path = Pods_BroadcasterTests.framework; sourceTree = BUILT_PRODUCTS_DIR; };
		94399BF01209B97735A53F0B /* Pods-Broadcaster.release.xcconfig */ = {isa = PBXFileReference; includeInIndex = 1; lastKnownFileType = text.xcconfig; name = "Pods-Broadcaster.release.xcconfig"; path = "Target Support Files/Pods-Broadcaster/Pods-Broadcaster.release.xcconfig"; sourceTree = "<group>"; };
		A319668423C483430040CD5E /* DataCompressor.swift */ = {isa = PBXFileReference; fileEncoding = 4; lastKnownFileType = sourcecode.swift; path = DataCompressor.swift; sourceTree = "<group>"; };
		A319668523C483430040CD5E /* Connector.swift */ = {isa = PBXFileReference; fileEncoding = 4; lastKnownFileType = sourcecode.swift; path = Connector.swift; sourceTree = "<group>"; };
		A319668723C483430040CD5E /* AppCoordinator.swift */ = {isa = PBXFileReference; fileEncoding = 4; lastKnownFileType = sourcecode.swift; path = AppCoordinator.swift; sourceTree = "<group>"; };
		A319668923C483430040CD5E /* MainTableViewController.swift */ = {isa = PBXFileReference; fileEncoding = 4; lastKnownFileType = sourcecode.swift; path = MainTableViewController.swift; sourceTree = "<group>"; };
		A319668E23C483430040CD5E /* InfoTableViewController.swift */ = {isa = PBXFileReference; fileEncoding = 4; lastKnownFileType = sourcecode.swift; path = InfoTableViewController.swift; sourceTree = "<group>"; };
		A319668F23C483430040CD5E /* InfoImageTableViewCell.swift */ = {isa = PBXFileReference; fileEncoding = 4; lastKnownFileType = sourcecode.swift; path = InfoImageTableViewCell.swift; sourceTree = "<group>"; };
		A319669023C483430040CD5E /* Routes.swift */ = {isa = PBXFileReference; fileEncoding = 4; lastKnownFileType = sourcecode.swift; path = Routes.swift; sourceTree = "<group>"; };
		A319669223C483430040CD5E /* ViewControllerRoutes.swift */ = {isa = PBXFileReference; fileEncoding = 4; lastKnownFileType = sourcecode.swift; path = ViewControllerRoutes.swift; sourceTree = "<group>"; };
		A3E0029E23C4824900BFAE04 /* Broadcaster.app */ = {isa = PBXFileReference; explicitFileType = wrapper.application; includeInIndex = 0; path = Broadcaster.app; sourceTree = BUILT_PRODUCTS_DIR; };
		A3E002A123C4824900BFAE04 /* AppDelegate.swift */ = {isa = PBXFileReference; lastKnownFileType = sourcecode.swift; path = AppDelegate.swift; sourceTree = "<group>"; };
		A3E002A323C4824900BFAE04 /* DocumentBrowserViewController.swift */ = {isa = PBXFileReference; lastKnownFileType = sourcecode.swift; path = DocumentBrowserViewController.swift; sourceTree = "<group>"; };
		A3E002A523C4824900BFAE04 /* DocumentViewController.swift */ = {isa = PBXFileReference; lastKnownFileType = sourcecode.swift; path = DocumentViewController.swift; sourceTree = "<group>"; };
		A3E002A723C4824900BFAE04 /* Document.swift */ = {isa = PBXFileReference; lastKnownFileType = sourcecode.swift; path = Document.swift; sourceTree = "<group>"; };
		A3E002AA23C4824900BFAE04 /* Base */ = {isa = PBXFileReference; lastKnownFileType = file.storyboard; name = Base; path = Base.lproj/Main.storyboard; sourceTree = "<group>"; };
		A3E002AC23C4824A00BFAE04 /* Assets.xcassets */ = {isa = PBXFileReference; lastKnownFileType = folder.assetcatalog; path = Assets.xcassets; sourceTree = "<group>"; };
		A3E002AF23C4824A00BFAE04 /* Base */ = {isa = PBXFileReference; lastKnownFileType = file.storyboard; name = Base; path = Base.lproj/LaunchScreen.storyboard; sourceTree = "<group>"; };
		A3E002B123C4824A00BFAE04 /* Info.plist */ = {isa = PBXFileReference; lastKnownFileType = text.plist.xml; path = Info.plist; sourceTree = "<group>"; };
		A3E002B623C4824A00BFAE04 /* BroadcasterTests.xctest */ = {isa = PBXFileReference; explicitFileType = wrapper.cfbundle; includeInIndex = 0; path = BroadcasterTests.xctest; sourceTree = BUILT_PRODUCTS_DIR; };
		A3E002BA23C4824A00BFAE04 /* BroadcasterTests.swift */ = {isa = PBXFileReference; lastKnownFileType = sourcecode.swift; path = BroadcasterTests.swift; sourceTree = "<group>"; };
		A3E002BC23C4824A00BFAE04 /* Info.plist */ = {isa = PBXFileReference; lastKnownFileType = text.plist.xml; path = Info.plist; sourceTree = "<group>"; };
		A3E002C123C4824A00BFAE04 /* BroadcasterUITests.xctest */ = {isa = PBXFileReference; explicitFileType = wrapper.cfbundle; includeInIndex = 0; path = BroadcasterUITests.xctest; sourceTree = BUILT_PRODUCTS_DIR; };
		A3E002C523C4824A00BFAE04 /* BroadcasterUITests.swift */ = {isa = PBXFileReference; lastKnownFileType = sourcecode.swift; path = BroadcasterUITests.swift; sourceTree = "<group>"; };
		A3E002C723C4824A00BFAE04 /* Info.plist */ = {isa = PBXFileReference; lastKnownFileType = text.plist.xml; path = Info.plist; sourceTree = "<group>"; };
		A3EC0DD823C4ACE100E5466F /* ResourcesTableViewController.swift */ = {isa = PBXFileReference; lastKnownFileType = sourcecode.swift; path = ResourcesTableViewController.swift; sourceTree = "<group>"; };
		A3EC0DDB23C5DBC000E5466F /* PeersList.swift */ = {isa = PBXFileReference; lastKnownFileType = sourcecode.swift; path = PeersList.swift; sourceTree = "<group>"; };
		F26F8D0D8A564DF48AECF756 /* Pods_Broadcaster_BroadcasterUITests.framework */ = {isa = PBXFileReference; explicitFileType = wrapper.framework; includeInIndex = 0; path = Pods_Broadcaster_BroadcasterUITests.framework; sourceTree = BUILT_PRODUCTS_DIR; };
/* End PBXFileReference section */

/* Begin PBXFrameworksBuildPhase section */
		A3E0029B23C4824900BFAE04 /* Frameworks */ = {
			isa = PBXFrameworksBuildPhase;
			buildActionMask = 2147483647;
			files = (
				3AD889BF416291F6909FF763 /* Pods_Broadcaster.framework in Frameworks */,
			);
			runOnlyForDeploymentPostprocessing = 0;
		};
		A3E002B323C4824A00BFAE04 /* Frameworks */ = {
			isa = PBXFrameworksBuildPhase;
			buildActionMask = 2147483647;
			files = (
				D5A7E90598DB7C4B6E09E79A /* Pods_BroadcasterTests.framework in Frameworks */,
			);
			runOnlyForDeploymentPostprocessing = 0;
		};
		A3E002BE23C4824A00BFAE04 /* Frameworks */ = {
			isa = PBXFrameworksBuildPhase;
			buildActionMask = 2147483647;
			files = (
				856DF30B65A51E68DB1058DB /* Pods_Broadcaster_BroadcasterUITests.framework in Frameworks */,
			);
			runOnlyForDeploymentPostprocessing = 0;
		};
/* End PBXFrameworksBuildPhase section */

/* Begin PBXGroup section */
		A319668223C483430040CD5E /* App */ = {
			isa = PBXGroup;
			children = (
				A319669D23C4860C0040CD5E /* Model */,
				A319668323C483430040CD5E /* Background */,
				A319668623C483430040CD5E /* Coordinators */,
				A319669123C483430040CD5E /* Base */,
			);
			path = App;
			sourceTree = "<group>";
		};
		A319668323C483430040CD5E /* Background */ = {
			isa = PBXGroup;
			children = (
				A319668423C483430040CD5E /* DataCompressor.swift */,
				A319668523C483430040CD5E /* Connector.swift */,
			);
			path = Background;
			sourceTree = "<group>";
		};
		A319668623C483430040CD5E /* Coordinators */ = {
			isa = PBXGroup;
			children = (
				A3E002A923C4824900BFAE04 /* Main.storyboard */,
				A319668723C483430040CD5E /* AppCoordinator.swift */,
				A319668823C483430040CD5E /* ViewControllers */,
			);
			path = Coordinators;
			sourceTree = "<group>";
		};
		A319668823C483430040CD5E /* ViewControllers */ = {
			isa = PBXGroup;
			children = (
				A319669023C483430040CD5E /* Routes.swift */,
				A3E002A323C4824900BFAE04 /* DocumentBrowserViewController.swift */,
				A319668923C483430040CD5E /* MainTableViewController.swift */,
				A3E002A523C4824900BFAE04 /* DocumentViewController.swift */,
				A319668D23C483430040CD5E /* Info */,
				A3EC0DDA23C4B4BE00E5466F /* Resources */,
				A3EC0DDB23C5DBC000E5466F /* PeersList.swift */,
			);
			path = ViewControllers;
			sourceTree = "<group>";
		};
		A319668D23C483430040CD5E /* Info */ = {
			isa = PBXGroup;
			children = (
				A319668E23C483430040CD5E /* InfoTableViewController.swift */,
				A319668F23C483430040CD5E /* InfoImageTableViewCell.swift */,
			);
			path = Info;
			sourceTree = "<group>";
		};
		A319669123C483430040CD5E /* Base */ = {
			isa = PBXGroup;
			children = (
				A319669223C483430040CD5E /* ViewControllerRoutes.swift */,
			);
			path = Base;
			sourceTree = "<group>";
		};
		A319669D23C4860C0040CD5E /* Model */ = {
			isa = PBXGroup;
			children = (
				A3E002A723C4824900BFAE04 /* Document.swift */,
			);
			path = Model;
			sourceTree = "<group>";
		};
		A3E0029523C4824900BFAE04 = {
			isa = PBXGroup;
			children = (
				A3E002A023C4824900BFAE04 /* Broadcaster */,
				A3E002B923C4824A00BFAE04 /* BroadcasterTests */,
				A3E002C423C4824A00BFAE04 /* BroadcasterUITests */,
				A3E0029F23C4824900BFAE04 /* Products */,
				A7FDA561D25873DDB6CB603D /* Pods */,
				C73FCA05376915454482C202 /* Frameworks */,
			);
			sourceTree = "<group>";
		};
		A3E0029F23C4824900BFAE04 /* Products */ = {
			isa = PBXGroup;
			children = (
				A3E0029E23C4824900BFAE04 /* Broadcaster.app */,
				A3E002B623C4824A00BFAE04 /* BroadcasterTests.xctest */,
				A3E002C123C4824A00BFAE04 /* BroadcasterUITests.xctest */,
			);
			name = Products;
			sourceTree = "<group>";
		};
		A3E002A023C4824900BFAE04 /* Broadcaster */ = {
			isa = PBXGroup;
			children = (
				A319668223C483430040CD5E /* App */,
				A3E002A123C4824900BFAE04 /* AppDelegate.swift */,
				A3E002AC23C4824A00BFAE04 /* Assets.xcassets */,
				A3E002AE23C4824A00BFAE04 /* LaunchScreen.storyboard */,
				A3E002B123C4824A00BFAE04 /* Info.plist */,
			);
			path = Broadcaster;
			sourceTree = "<group>";
		};
		A3E002B923C4824A00BFAE04 /* BroadcasterTests */ = {
			isa = PBXGroup;
			children = (
				A3E002BA23C4824A00BFAE04 /* BroadcasterTests.swift */,
				A3E002BC23C4824A00BFAE04 /* Info.plist */,
			);
			path = BroadcasterTests;
			sourceTree = "<group>";
		};
		A3E002C423C4824A00BFAE04 /* BroadcasterUITests */ = {
			isa = PBXGroup;
			children = (
				A3E002C523C4824A00BFAE04 /* BroadcasterUITests.swift */,
				A3E002C723C4824A00BFAE04 /* Info.plist */,
			);
			path = BroadcasterUITests;
			sourceTree = "<group>";
		};
		A3EC0DDA23C4B4BE00E5466F /* Resources */ = {
			isa = PBXGroup;
			children = (
				A3EC0DD823C4ACE100E5466F /* ResourcesTableViewController.swift */,
			);
			path = Resources;
			sourceTree = "<group>";
		};
		A7FDA561D25873DDB6CB603D /* Pods */ = {
			isa = PBXGroup;
			children = (
				21FFC15324D4EBAD57F2A274 /* Pods-Broadcaster.debug.xcconfig */,
				94399BF01209B97735A53F0B /* Pods-Broadcaster.release.xcconfig */,
				64E37178346D058F56E58F96 /* Pods-Broadcaster-BroadcasterUITests.debug.xcconfig */,
				3D89652010ABC4BEC9B71740 /* Pods-Broadcaster-BroadcasterUITests.release.xcconfig */,
				84511B35EBE5C8EA6B730D6D /* Pods-BroadcasterTests.debug.xcconfig */,
				6A915C7C4B666DB4E75F9F92 /* Pods-BroadcasterTests.release.xcconfig */,
			);
			path = Pods;
			sourceTree = "<group>";
		};
		C73FCA05376915454482C202 /* Frameworks */ = {
			isa = PBXGroup;
			children = (
				864DE692C48563D6A8BAAB6B /* Pods_Broadcaster.framework */,
				F26F8D0D8A564DF48AECF756 /* Pods_Broadcaster_BroadcasterUITests.framework */,
				8B0279FAC207E8D4B73B9A47 /* Pods_BroadcasterTests.framework */,
			);
			name = Frameworks;
			sourceTree = "<group>";
		};
/* End PBXGroup section */

/* Begin PBXNativeTarget section */
		A3E0029D23C4824900BFAE04 /* Broadcaster */ = {
			isa = PBXNativeTarget;
			buildConfigurationList = A3E002CA23C4824A00BFAE04 /* Build configuration list for PBXNativeTarget "Broadcaster" */;
			buildPhases = (
				BC5F27941DB6825D2A8E48CC /* [CP] Check Pods Manifest.lock */,
				A3E0029A23C4824900BFAE04 /* Sources */,
				A3E0029B23C4824900BFAE04 /* Frameworks */,
				A3E0029C23C4824900BFAE04 /* Resources */,
				A0B4613874D5A4499BDBD33E /* [CP] Embed Pods Frameworks */,
			);
			buildRules = (
			);
			dependencies = (
			);
			name = Broadcaster;
			productName = Broadcaster;
			productReference = A3E0029E23C4824900BFAE04 /* Broadcaster.app */;
			productType = "com.apple.product-type.application";
		};
		A3E002B523C4824A00BFAE04 /* BroadcasterTests */ = {
			isa = PBXNativeTarget;
			buildConfigurationList = A3E002CD23C4824A00BFAE04 /* Build configuration list for PBXNativeTarget "BroadcasterTests" */;
			buildPhases = (
				A567373C2A6B88B654D264EE /* [CP] Check Pods Manifest.lock */,
				A3E002B223C4824A00BFAE04 /* Sources */,
				A3E002B323C4824A00BFAE04 /* Frameworks */,
				A3E002B423C4824A00BFAE04 /* Resources */,
			);
			buildRules = (
			);
			dependencies = (
				A3E002B823C4824A00BFAE04 /* PBXTargetDependency */,
			);
			name = BroadcasterTests;
			productName = BroadcasterTests;
			productReference = A3E002B623C4824A00BFAE04 /* BroadcasterTests.xctest */;
			productType = "com.apple.product-type.bundle.unit-test";
		};
		A3E002C023C4824A00BFAE04 /* BroadcasterUITests */ = {
			isa = PBXNativeTarget;
			buildConfigurationList = A3E002D023C4824A00BFAE04 /* Build configuration list for PBXNativeTarget "BroadcasterUITests" */;
			buildPhases = (
				97128F1E870D3A7F88D3A1D6 /* [CP] Check Pods Manifest.lock */,
				A3E002BD23C4824A00BFAE04 /* Sources */,
				A3E002BE23C4824A00BFAE04 /* Frameworks */,
				A3E002BF23C4824A00BFAE04 /* Resources */,
				78DA155A1EC0BCFB3C069BBD /* [CP] Embed Pods Frameworks */,
			);
			buildRules = (
			);
			dependencies = (
				A3E002C323C4824A00BFAE04 /* PBXTargetDependency */,
			);
			name = BroadcasterUITests;
			productName = BroadcasterUITests;
			productReference = A3E002C123C4824A00BFAE04 /* BroadcasterUITests.xctest */;
			productType = "com.apple.product-type.bundle.ui-testing";
		};
/* End PBXNativeTarget section */

/* Begin PBXProject section */
		A3E0029623C4824900BFAE04 /* Project object */ = {
			isa = PBXProject;
			attributes = {
				LastSwiftUpdateCheck = 1120;
				LastUpgradeCheck = 1120;
				ORGANIZATIONNAME = "Ernest Chechelski";
				TargetAttributes = {
					A3E0029D23C4824900BFAE04 = {
						CreatedOnToolsVersion = 11.2.1;
					};
					A3E002B523C4824A00BFAE04 = {
						CreatedOnToolsVersion = 11.2.1;
						TestTargetID = A3E0029D23C4824900BFAE04;
					};
					A3E002C023C4824A00BFAE04 = {
						CreatedOnToolsVersion = 11.2.1;
						TestTargetID = A3E0029D23C4824900BFAE04;
					};
				};
			};
			buildConfigurationList = A3E0029923C4824900BFAE04 /* Build configuration list for PBXProject "Broadcaster" */;
			compatibilityVersion = "Xcode 9.3";
			developmentRegion = en;
			hasScannedForEncodings = 0;
			knownRegions = (
				en,
				Base,
			);
			mainGroup = A3E0029523C4824900BFAE04;
			productRefGroup = A3E0029F23C4824900BFAE04 /* Products */;
			projectDirPath = "";
			projectRoot = "";
			targets = (
				A3E0029D23C4824900BFAE04 /* Broadcaster */,
				A3E002B523C4824A00BFAE04 /* BroadcasterTests */,
				A3E002C023C4824A00BFAE04 /* BroadcasterUITests */,
			);
		};
/* End PBXProject section */

/* Begin PBXResourcesBuildPhase section */
		A3E0029C23C4824900BFAE04 /* Resources */ = {
			isa = PBXResourcesBuildPhase;
			buildActionMask = 2147483647;
			files = (
				A3E002B023C4824A00BFAE04 /* LaunchScreen.storyboard in Resources */,
				A3E002AD23C4824A00BFAE04 /* Assets.xcassets in Resources */,
				A3E002AB23C4824900BFAE04 /* Main.storyboard in Resources */,
			);
			runOnlyForDeploymentPostprocessing = 0;
		};
		A3E002B423C4824A00BFAE04 /* Resources */ = {
			isa = PBXResourcesBuildPhase;
			buildActionMask = 2147483647;
			files = (
			);
			runOnlyForDeploymentPostprocessing = 0;
		};
		A3E002BF23C4824A00BFAE04 /* Resources */ = {
			isa = PBXResourcesBuildPhase;
			buildActionMask = 2147483647;
			files = (
			);
			runOnlyForDeploymentPostprocessing = 0;
		};
/* End PBXResourcesBuildPhase section */

/* Begin PBXShellScriptBuildPhase section */
		78DA155A1EC0BCFB3C069BBD /* [CP] Embed Pods Frameworks */ = {
			isa = PBXShellScriptBuildPhase;
			buildActionMask = 2147483647;
			files = (
			);
			inputFileListPaths = (
				"${PODS_ROOT}/Target Support Files/Pods-Broadcaster-BroadcasterUITests/Pods-Broadcaster-BroadcasterUITests-frameworks-${CONFIGURATION}-input-files.xcfilelist",
			);
			name = "[CP] Embed Pods Frameworks";
			outputFileListPaths = (
				"${PODS_ROOT}/Target Support Files/Pods-Broadcaster-BroadcasterUITests/Pods-Broadcaster-BroadcasterUITests-frameworks-${CONFIGURATION}-output-files.xcfilelist",
			);
			runOnlyForDeploymentPostprocessing = 0;
			shellPath = /bin/sh;
			shellScript = "\"${PODS_ROOT}/Target Support Files/Pods-Broadcaster-BroadcasterUITests/Pods-Broadcaster-BroadcasterUITests-frameworks.sh\"\n";
			showEnvVarsInLog = 0;
		};
		97128F1E870D3A7F88D3A1D6 /* [CP] Check Pods Manifest.lock */ = {
			isa = PBXShellScriptBuildPhase;
			buildActionMask = 2147483647;
			files = (
			);
			inputFileListPaths = (
			);
			inputPaths = (
				"${PODS_PODFILE_DIR_PATH}/Podfile.lock",
				"${PODS_ROOT}/Manifest.lock",
			);
			name = "[CP] Check Pods Manifest.lock";
			outputFileListPaths = (
			);
			outputPaths = (
				"$(DERIVED_FILE_DIR)/Pods-Broadcaster-BroadcasterUITests-checkManifestLockResult.txt",
			);
			runOnlyForDeploymentPostprocessing = 0;
			shellPath = /bin/sh;
			shellScript = "diff \"${PODS_PODFILE_DIR_PATH}/Podfile.lock\" \"${PODS_ROOT}/Manifest.lock\" > /dev/null\nif [ $? != 0 ] ; then\n    # print error to STDERR\n    echo \"error: The sandbox is not in sync with the Podfile.lock. Run 'pod install' or update your CocoaPods installation.\" >&2\n    exit 1\nfi\n# This output is used by Xcode 'outputs' to avoid re-running this script phase.\necho \"SUCCESS\" > \"${SCRIPT_OUTPUT_FILE_0}\"\n";
			showEnvVarsInLog = 0;
		};
		A0B4613874D5A4499BDBD33E /* [CP] Embed Pods Frameworks */ = {
			isa = PBXShellScriptBuildPhase;
			buildActionMask = 2147483647;
			files = (
			);
			inputFileListPaths = (
				"${PODS_ROOT}/Target Support Files/Pods-Broadcaster/Pods-Broadcaster-frameworks-${CONFIGURATION}-input-files.xcfilelist",
			);
			name = "[CP] Embed Pods Frameworks";
			outputFileListPaths = (
				"${PODS_ROOT}/Target Support Files/Pods-Broadcaster/Pods-Broadcaster-frameworks-${CONFIGURATION}-output-files.xcfilelist",
			);
			runOnlyForDeploymentPostprocessing = 0;
			shellPath = /bin/sh;
			shellScript = "\"${PODS_ROOT}/Target Support Files/Pods-Broadcaster/Pods-Broadcaster-frameworks.sh\"\n";
			showEnvVarsInLog = 0;
		};
		A567373C2A6B88B654D264EE /* [CP] Check Pods Manifest.lock */ = {
			isa = PBXShellScriptBuildPhase;
			buildActionMask = 2147483647;
			files = (
			);
			inputFileListPaths = (
			);
			inputPaths = (
				"${PODS_PODFILE_DIR_PATH}/Podfile.lock",
				"${PODS_ROOT}/Manifest.lock",
			);
			name = "[CP] Check Pods Manifest.lock";
			outputFileListPaths = (
			);
			outputPaths = (
				"$(DERIVED_FILE_DIR)/Pods-BroadcasterTests-checkManifestLockResult.txt",
			);
			runOnlyForDeploymentPostprocessing = 0;
			shellPath = /bin/sh;
			shellScript = "diff \"${PODS_PODFILE_DIR_PATH}/Podfile.lock\" \"${PODS_ROOT}/Manifest.lock\" > /dev/null\nif [ $? != 0 ] ; then\n    # print error to STDERR\n    echo \"error: The sandbox is not in sync with the Podfile.lock. Run 'pod install' or update your CocoaPods installation.\" >&2\n    exit 1\nfi\n# This output is used by Xcode 'outputs' to avoid re-running this script phase.\necho \"SUCCESS\" > \"${SCRIPT_OUTPUT_FILE_0}\"\n";
			showEnvVarsInLog = 0;
		};
		BC5F27941DB6825D2A8E48CC /* [CP] Check Pods Manifest.lock */ = {
			isa = PBXShellScriptBuildPhase;
			buildActionMask = 2147483647;
			files = (
			);
			inputFileListPaths = (
			);
			inputPaths = (
				"${PODS_PODFILE_DIR_PATH}/Podfile.lock",
				"${PODS_ROOT}/Manifest.lock",
			);
			name = "[CP] Check Pods Manifest.lock";
			outputFileListPaths = (
			);
			outputPaths = (
				"$(DERIVED_FILE_DIR)/Pods-Broadcaster-checkManifestLockResult.txt",
			);
			runOnlyForDeploymentPostprocessing = 0;
			shellPath = /bin/sh;
			shellScript = "diff \"${PODS_PODFILE_DIR_PATH}/Podfile.lock\" \"${PODS_ROOT}/Manifest.lock\" > /dev/null\nif [ $? != 0 ] ; then\n    # print error to STDERR\n    echo \"error: The sandbox is not in sync with the Podfile.lock. Run 'pod install' or update your CocoaPods installation.\" >&2\n    exit 1\nfi\n# This output is used by Xcode 'outputs' to avoid re-running this script phase.\necho \"SUCCESS\" > \"${SCRIPT_OUTPUT_FILE_0}\"\n";
			showEnvVarsInLog = 0;
		};
/* End PBXShellScriptBuildPhase section */

/* Begin PBXSourcesBuildPhase section */
		A3E0029A23C4824900BFAE04 /* Sources */ = {
			isa = PBXSourcesBuildPhase;
			buildActionMask = 2147483647;
			files = (
				A319669323C483430040CD5E /* DataCompressor.swift in Sources */,
				A319669C23C483430040CD5E /* ViewControllerRoutes.swift in Sources */,
				A319669B23C483430040CD5E /* Routes.swift in Sources */,
				A3EC0DD923C4ACE100E5466F /* ResourcesTableViewController.swift in Sources */,
				A319669A23C483430040CD5E /* InfoImageTableViewCell.swift in Sources */,
				A319669923C483430040CD5E /* InfoTableViewController.swift in Sources */,
				A3E002A823C4824900BFAE04 /* Document.swift in Sources */,
				A3E002A623C4824900BFAE04 /* DocumentViewController.swift in Sources */,
				A319669423C483430040CD5E /* Connector.swift in Sources */,
				A319669623C483430040CD5E /* MainTableViewController.swift in Sources */,
				A3E002A423C4824900BFAE04 /* DocumentBrowserViewController.swift in Sources */,
				A3EC0DDC23C5DBC000E5466F /* PeersList.swift in Sources */,
				A3E002A223C4824900BFAE04 /* AppDelegate.swift in Sources */,
				A319669523C483430040CD5E /* AppCoordinator.swift in Sources */,
			);
			runOnlyForDeploymentPostprocessing = 0;
		};
		A3E002B223C4824A00BFAE04 /* Sources */ = {
			isa = PBXSourcesBuildPhase;
			buildActionMask = 2147483647;
			files = (
				A3E002BB23C4824A00BFAE04 /* BroadcasterTests.swift in Sources */,
			);
			runOnlyForDeploymentPostprocessing = 0;
		};
		A3E002BD23C4824A00BFAE04 /* Sources */ = {
			isa = PBXSourcesBuildPhase;
			buildActionMask = 2147483647;
			files = (
				A3E002C623C4824A00BFAE04 /* BroadcasterUITests.swift in Sources */,
			);
			runOnlyForDeploymentPostprocessing = 0;
		};
/* End PBXSourcesBuildPhase section */

/* Begin PBXTargetDependency section */
		A3E002B823C4824A00BFAE04 /* PBXTargetDependency */ = {
			isa = PBXTargetDependency;
			target = A3E0029D23C4824900BFAE04 /* Broadcaster */;
			targetProxy = A3E002B723C4824A00BFAE04 /* PBXContainerItemProxy */;
		};
		A3E002C323C4824A00BFAE04 /* PBXTargetDependency */ = {
			isa = PBXTargetDependency;
			target = A3E0029D23C4824900BFAE04 /* Broadcaster */;
			targetProxy = A3E002C223C4824A00BFAE04 /* PBXContainerItemProxy */;
		};
/* End PBXTargetDependency section */

/* Begin PBXVariantGroup section */
		A3E002A923C4824900BFAE04 /* Main.storyboard */ = {
			isa = PBXVariantGroup;
			children = (
				A3E002AA23C4824900BFAE04 /* Base */,
			);
			name = Main.storyboard;
			sourceTree = "<group>";
		};
		A3E002AE23C4824A00BFAE04 /* LaunchScreen.storyboard */ = {
			isa = PBXVariantGroup;
			children = (
				A3E002AF23C4824A00BFAE04 /* Base */,
			);
			name = LaunchScreen.storyboard;
			sourceTree = "<group>";
		};
/* End PBXVariantGroup section */

/* Begin XCBuildConfiguration section */
		A3E002C823C4824A00BFAE04 /* Debug */ = {
			isa = XCBuildConfiguration;
			buildSettings = {
				ALWAYS_SEARCH_USER_PATHS = NO;
				CLANG_ANALYZER_NONNULL = YES;
				CLANG_ANALYZER_NUMBER_OBJECT_CONVERSION = YES_AGGRESSIVE;
				CLANG_CXX_LANGUAGE_STANDARD = "gnu++14";
				CLANG_CXX_LIBRARY = "libc++";
				CLANG_ENABLE_MODULES = YES;
				CLANG_ENABLE_OBJC_ARC = YES;
				CLANG_ENABLE_OBJC_WEAK = YES;
				CLANG_WARN_BLOCK_CAPTURE_AUTORELEASING = YES;
				CLANG_WARN_BOOL_CONVERSION = YES;
				CLANG_WARN_COMMA = YES;
				CLANG_WARN_CONSTANT_CONVERSION = YES;
				CLANG_WARN_DEPRECATED_OBJC_IMPLEMENTATIONS = YES;
				CLANG_WARN_DIRECT_OBJC_ISA_USAGE = YES_ERROR;
				CLANG_WARN_DOCUMENTATION_COMMENTS = YES;
				CLANG_WARN_EMPTY_BODY = YES;
				CLANG_WARN_ENUM_CONVERSION = YES;
				CLANG_WARN_INFINITE_RECURSION = YES;
				CLANG_WARN_INT_CONVERSION = YES;
				CLANG_WARN_NON_LITERAL_NULL_CONVERSION = YES;
				CLANG_WARN_OBJC_IMPLICIT_RETAIN_SELF = YES;
				CLANG_WARN_OBJC_LITERAL_CONVERSION = YES;
				CLANG_WARN_OBJC_ROOT_CLASS = YES_ERROR;
				CLANG_WARN_RANGE_LOOP_ANALYSIS = YES;
				CLANG_WARN_STRICT_PROTOTYPES = YES;
				CLANG_WARN_SUSPICIOUS_MOVE = YES;
				CLANG_WARN_UNGUARDED_AVAILABILITY = YES_AGGRESSIVE;
				CLANG_WARN_UNREACHABLE_CODE = YES;
				CLANG_WARN__DUPLICATE_METHOD_MATCH = YES;
				COPY_PHASE_STRIP = NO;
				DEBUG_INFORMATION_FORMAT = dwarf;
				ENABLE_STRICT_OBJC_MSGSEND = YES;
				ENABLE_TESTABILITY = YES;
				GCC_C_LANGUAGE_STANDARD = gnu11;
				GCC_DYNAMIC_NO_PIC = NO;
				GCC_NO_COMMON_BLOCKS = YES;
				GCC_OPTIMIZATION_LEVEL = 0;
				GCC_PREPROCESSOR_DEFINITIONS = (
					"DEBUG=1",
					"$(inherited)",
				);
				GCC_WARN_64_TO_32_BIT_CONVERSION = YES;
				GCC_WARN_ABOUT_RETURN_TYPE = YES_ERROR;
				GCC_WARN_UNDECLARED_SELECTOR = YES;
				GCC_WARN_UNINITIALIZED_AUTOS = YES_AGGRESSIVE;
				GCC_WARN_UNUSED_FUNCTION = YES;
				GCC_WARN_UNUSED_VARIABLE = YES;
				IPHONEOS_DEPLOYMENT_TARGET = 13.2;
				MTL_ENABLE_DEBUG_INFO = INCLUDE_SOURCE;
				MTL_FAST_MATH = YES;
				ONLY_ACTIVE_ARCH = YES;
				SDKROOT = iphoneos;
				SWIFT_ACTIVE_COMPILATION_CONDITIONS = DEBUG;
				SWIFT_OPTIMIZATION_LEVEL = "-Onone";
			};
			name = Debug;
		};
		A3E002C923C4824A00BFAE04 /* Release */ = {
			isa = XCBuildConfiguration;
			buildSettings = {
				ALWAYS_SEARCH_USER_PATHS = NO;
				CLANG_ANALYZER_NONNULL = YES;
				CLANG_ANALYZER_NUMBER_OBJECT_CONVERSION = YES_AGGRESSIVE;
				CLANG_CXX_LANGUAGE_STANDARD = "gnu++14";
				CLANG_CXX_LIBRARY = "libc++";
				CLANG_ENABLE_MODULES = YES;
				CLANG_ENABLE_OBJC_ARC = YES;
				CLANG_ENABLE_OBJC_WEAK = YES;
				CLANG_WARN_BLOCK_CAPTURE_AUTORELEASING = YES;
				CLANG_WARN_BOOL_CONVERSION = YES;
				CLANG_WARN_COMMA = YES;
				CLANG_WARN_CONSTANT_CONVERSION = YES;
				CLANG_WARN_DEPRECATED_OBJC_IMPLEMENTATIONS = YES;
				CLANG_WARN_DIRECT_OBJC_ISA_USAGE = YES_ERROR;
				CLANG_WARN_DOCUMENTATION_COMMENTS = YES;
				CLANG_WARN_EMPTY_BODY = YES;
				CLANG_WARN_ENUM_CONVERSION = YES;
				CLANG_WARN_INFINITE_RECURSION = YES;
				CLANG_WARN_INT_CONVERSION = YES;
				CLANG_WARN_NON_LITERAL_NULL_CONVERSION = YES;
				CLANG_WARN_OBJC_IMPLICIT_RETAIN_SELF = YES;
				CLANG_WARN_OBJC_LITERAL_CONVERSION = YES;
				CLANG_WARN_OBJC_ROOT_CLASS = YES_ERROR;
				CLANG_WARN_RANGE_LOOP_ANALYSIS = YES;
				CLANG_WARN_STRICT_PROTOTYPES = YES;
				CLANG_WARN_SUSPICIOUS_MOVE = YES;
				CLANG_WARN_UNGUARDED_AVAILABILITY = YES_AGGRESSIVE;
				CLANG_WARN_UNREACHABLE_CODE = YES;
				CLANG_WARN__DUPLICATE_METHOD_MATCH = YES;
				COPY_PHASE_STRIP = NO;
				DEBUG_INFORMATION_FORMAT = "dwarf-with-dsym";
				ENABLE_NS_ASSERTIONS = NO;
				ENABLE_STRICT_OBJC_MSGSEND = YES;
				GCC_C_LANGUAGE_STANDARD = gnu11;
				GCC_NO_COMMON_BLOCKS = YES;
				GCC_WARN_64_TO_32_BIT_CONVERSION = YES;
				GCC_WARN_ABOUT_RETURN_TYPE = YES_ERROR;
				GCC_WARN_UNDECLARED_SELECTOR = YES;
				GCC_WARN_UNINITIALIZED_AUTOS = YES_AGGRESSIVE;
				GCC_WARN_UNUSED_FUNCTION = YES;
				GCC_WARN_UNUSED_VARIABLE = YES;
				IPHONEOS_DEPLOYMENT_TARGET = 13.2;
				MTL_ENABLE_DEBUG_INFO = NO;
				MTL_FAST_MATH = YES;
				SDKROOT = iphoneos;
				SWIFT_COMPILATION_MODE = wholemodule;
				SWIFT_OPTIMIZATION_LEVEL = "-O";
				VALIDATE_PRODUCT = YES;
			};
			name = Release;
		};
		A3E002CB23C4824A00BFAE04 /* Debug */ = {
			isa = XCBuildConfiguration;
			baseConfigurationReference = 21FFC15324D4EBAD57F2A274 /* Pods-Broadcaster.debug.xcconfig */;
			buildSettings = {
				ASSETCATALOG_COMPILER_APPICON_NAME = AppIcon;
				CODE_SIGN_STYLE = Automatic;
				DEVELOPMENT_TEAM = D8VPEQS329;
				INFOPLIST_FILE = Broadcaster/Info.plist;
				LD_RUNPATH_SEARCH_PATHS = (
					"$(inherited)",
					"@executable_path/Frameworks",
				);
				PRODUCT_BUNDLE_IDENTIFIER = ernichechelski.Broadcaster;
				PRODUCT_NAME = "$(TARGET_NAME)";
				SWIFT_VERSION = 5.0;
				TARGETED_DEVICE_FAMILY = "1,2";
			};
			name = Debug;
		};
		A3E002CC23C4824A00BFAE04 /* Release */ = {
			isa = XCBuildConfiguration;
			baseConfigurationReference = 94399BF01209B97735A53F0B /* Pods-Broadcaster.release.xcconfig */;
			buildSettings = {
				ASSETCATALOG_COMPILER_APPICON_NAME = AppIcon;
				CODE_SIGN_STYLE = Automatic;
				DEVELOPMENT_TEAM = D8VPEQS329;
				INFOPLIST_FILE = Broadcaster/Info.plist;
				LD_RUNPATH_SEARCH_PATHS = (
					"$(inherited)",
					"@executable_path/Frameworks",
				);
				PRODUCT_BUNDLE_IDENTIFIER = ernichechelski.Broadcaster;
				PRODUCT_NAME = "$(TARGET_NAME)";
				SWIFT_VERSION = 5.0;
				TARGETED_DEVICE_FAMILY = "1,2";
			};
			name = Release;
		};
		A3E002CE23C4824A00BFAE04 /* Debug */ = {
			isa = XCBuildConfiguration;
			baseConfigurationReference = 84511B35EBE5C8EA6B730D6D /* Pods-BroadcasterTests.debug.xcconfig */;
			buildSettings = {
				ALWAYS_EMBED_SWIFT_STANDARD_LIBRARIES = YES;
				BUNDLE_LOADER = "$(TEST_HOST)";
				CODE_SIGN_STYLE = Automatic;
				DEVELOPMENT_TEAM = D8VPEQS329;
				INFOPLIST_FILE = BroadcasterTests/Info.plist;
				IPHONEOS_DEPLOYMENT_TARGET = 13.2;
				LD_RUNPATH_SEARCH_PATHS = (
					"$(inherited)",
					"@executable_path/Frameworks",
					"@loader_path/Frameworks",
				);
				PRODUCT_BUNDLE_IDENTIFIER = ernichechelski.BroadcasterTests;
				PRODUCT_NAME = "$(TARGET_NAME)";
				SWIFT_VERSION = 5.0;
				TARGETED_DEVICE_FAMILY = "1,2";
				TEST_HOST = "$(BUILT_PRODUCTS_DIR)/Broadcaster.app/Broadcaster";
			};
			name = Debug;
		};
		A3E002CF23C4824A00BFAE04 /* Release */ = {
			isa = XCBuildConfiguration;
			baseConfigurationReference = 6A915C7C4B666DB4E75F9F92 /* Pods-BroadcasterTests.release.xcconfig */;
			buildSettings = {
				ALWAYS_EMBED_SWIFT_STANDARD_LIBRARIES = YES;
				BUNDLE_LOADER = "$(TEST_HOST)";
				CODE_SIGN_STYLE = Automatic;
				DEVELOPMENT_TEAM = D8VPEQS329;
				INFOPLIST_FILE = BroadcasterTests/Info.plist;
				IPHONEOS_DEPLOYMENT_TARGET = 13.2;
				LD_RUNPATH_SEARCH_PATHS = (
					"$(inherited)",
					"@executable_path/Frameworks",
					"@loader_path/Frameworks",
				);
				PRODUCT_BUNDLE_IDENTIFIER = ernichechelski.BroadcasterTests;
				PRODUCT_NAME = "$(TARGET_NAME)";
				SWIFT_VERSION = 5.0;
				TARGETED_DEVICE_FAMILY = "1,2";
				TEST_HOST = "$(BUILT_PRODUCTS_DIR)/Broadcaster.app/Broadcaster";
			};
			name = Release;
		};
		A3E002D123C4824A00BFAE04 /* Debug */ = {
			isa = XCBuildConfiguration;
			baseConfigurationReference = 64E37178346D058F56E58F96 /* Pods-Broadcaster-BroadcasterUITests.debug.xcconfig */;
			buildSettings = {
				ALWAYS_EMBED_SWIFT_STANDARD_LIBRARIES = YES;
				CODE_SIGN_STYLE = Automatic;
				DEVELOPMENT_TEAM = D8VPEQS329;
				INFOPLIST_FILE = BroadcasterUITests/Info.plist;
				LD_RUNPATH_SEARCH_PATHS = (
					"$(inherited)",
					"@executable_path/Frameworks",
					"@loader_path/Frameworks",
				);
				PRODUCT_BUNDLE_IDENTIFIER = ernichechelski.BroadcasterUITests;
				PRODUCT_NAME = "$(TARGET_NAME)";
				SWIFT_VERSION = 5.0;
				TARGETED_DEVICE_FAMILY = "1,2";
				TEST_TARGET_NAME = Broadcaster;
			};
			name = Debug;
		};
		A3E002D223C4824A00BFAE04 /* Release */ = {
			isa = XCBuildConfiguration;
			baseConfigurationReference = 3D89652010ABC4BEC9B71740 /* Pods-Broadcaster-BroadcasterUITests.release.xcconfig */;
			buildSettings = {
				ALWAYS_EMBED_SWIFT_STANDARD_LIBRARIES = YES;
				CODE_SIGN_STYLE = Automatic;
				DEVELOPMENT_TEAM = D8VPEQS329;
				INFOPLIST_FILE = BroadcasterUITests/Info.plist;
				LD_RUNPATH_SEARCH_PATHS = (
					"$(inherited)",
					"@executable_path/Frameworks",
					"@loader_path/Frameworks",
				);
				PRODUCT_BUNDLE_IDENTIFIER = ernichechelski.BroadcasterUITests;
				PRODUCT_NAME = "$(TARGET_NAME)";
				SWIFT_VERSION = 5.0;
				TARGETED_DEVICE_FAMILY = "1,2";
				TEST_TARGET_NAME = Broadcaster;
			};
			name = Release;
		};
/* End XCBuildConfiguration section */

/* Begin XCConfigurationList section */
		A3E0029923C4824900BFAE04 /* Build configuration list for PBXProject "Broadcaster" */ = {
			isa = XCConfigurationList;
			buildConfigurations = (
				A3E002C823C4824A00BFAE04 /* Debug */,
				A3E002C923C4824A00BFAE04 /* Release */,
			);
			defaultConfigurationIsVisible = 0;
			defaultConfigurationName = Release;
		};
		A3E002CA23C4824A00BFAE04 /* Build configuration list for PBXNativeTarget "Broadcaster" */ = {
			isa = XCConfigurationList;
			buildConfigurations = (
				A3E002CB23C4824A00BFAE04 /* Debug */,
				A3E002CC23C4824A00BFAE04 /* Release */,
			);
			defaultConfigurationIsVisible = 0;
			defaultConfigurationName = Release;
		};
		A3E002CD23C4824A00BFAE04 /* Build configuration list for PBXNativeTarget "BroadcasterTests" */ = {
			isa = XCConfigurationList;
			buildConfigurations = (
				A3E002CE23C4824A00BFAE04 /* Debug */,
				A3E002CF23C4824A00BFAE04 /* Release */,
			);
			defaultConfigurationIsVisible = 0;
			defaultConfigurationName = Release;
		};
		A3E002D023C4824A00BFAE04 /* Build configuration list for PBXNativeTarget "BroadcasterUITests" */ = {
			isa = XCConfigurationList;
			buildConfigurations = (
				A3E002D123C4824A00BFAE04 /* Debug */,
				A3E002D223C4824A00BFAE04 /* Release */,
			);
			defaultConfigurationIsVisible = 0;
			defaultConfigurationName = Release;
		};
/* End XCConfigurationList section */
	};
	rootObject = A3E0029623C4824900BFAE04 /* Project object */;
}
